
Microsoft Visual Studio Solution File, Format Version 12.00
Project("{FAE04EC0-301F-11D3-BF4B-00C04F79EFBC}") = "UMSWebApi", "UMSWebApi\UMSWebApi.csproj", "{77DAC80D-8745-4464-8F47-F3933E98EFFC}"
EndProject
Project("{2150E333-8FDC-42A3-9474-1A3956D46DE8}") = "Presentation", "Presentation", "{6FCD9D0C-F961-4991-8DD8-98DA064C5C59}"
EndProject
Project("{2150E333-8FDC-42A3-9474-1A3956D46DE8}") = "Common", "Common", "{1EE439E2-81F9-42A5-8C09-D549981C0885}"
EndProject
Project("{2150E333-8FDC-42A3-9474-1A3956D46DE8}") = "Core", "Core", "{9CC2FBD8-CC2A-4438-B990-3D53A09260C1}"
EndProject
Project("{2150E333-8FDC-42A3-9474-1A3956D46DE8}") = "Infrastucture", "Infrastucture", "{901DD6EA-6532-4D8E-B036-630A8A2B09B0}"
EndProject
Project("{FAE04EC0-301F-11D3-BF4B-00C04F79EFBC}") = "UMS.Infrastructure", "UMS.Infrastructure\UMS.Infrastructure.csproj", "{99A992FE-B248-4A4D-AC1B-61EED7477D96}"
EndProject
Project("{FAE04EC0-301F-11D3-BF4B-00C04F79EFBC}") = "UMS.Infrastructure.Abstraction", "UMS.Infrastructure.Abstraction\UMS.Infrastructure.Abstraction.csproj", "{48F6AC7A-CA53-475A-9F64-58683BE449F2}"
EndProject
Project("{FAE04EC0-301F-11D3-BF4B-00C04F79EFBC}") = "UMS.Persistence", "UMS.Persistence\UMS.Persistence.csproj", "{2A07072C-85CE-4A05-A572-FD5AD1CB255F}"
EndProject
Project("{FAE04EC0-301F-11D3-BF4B-00C04F79EFBC}") = "UMS.Application", "UMS.Application\UMS.Application.csproj", "{5EB88A12-14DC-463B-A01D-D3ED01E00E80}"
EndProject
Project("{FAE04EC0-301F-11D3-BF4B-00C04F79EFBC}") = "UMS.Domain", "UMS.Domain\UMS.Domain.csproj", "{59023C9D-0BA1-4DB2-9164-4D8D979B1BE8}"
EndProject
Global
	GlobalSection(SolutionConfigurationPlatforms) = preSolution
		Debug|Any CPU = Debug|Any CPU
		Release|Any CPU = Release|Any CPU
	EndGlobalSection
	GlobalSection(ProjectConfigurationPlatforms) = postSolution
		{77DAC80D-8745-4464-8F47-F3933E98EFFC}.Debug|Any CPU.ActiveCfg = Debug|Any CPU
		{77DAC80D-8745-4464-8F47-F3933E98EFFC}.Debug|Any CPU.Build.0 = Debug|Any CPU
		{77DAC80D-8745-4464-8F47-F3933E98EFFC}.Release|Any CPU.ActiveCfg = Release|Any CPU
		{77DAC80D-8745-4464-8F47-F3933E98EFFC}.Release|Any CPU.Build.0 = Release|Any CPU
		{99A992FE-B248-4A4D-AC1B-61EED7477D96}.Debug|Any CPU.ActiveCfg = Debug|Any CPU
		{99A992FE-B248-4A4D-AC1B-61EED7477D96}.Debug|Any CPU.Build.0 = Debug|Any CPU
		{99A992FE-B248-4A4D-AC1B-61EED7477D96}.Release|Any CPU.ActiveCfg = Release|Any CPU
		{99A992FE-B248-4A4D-AC1B-61EED7477D96}.Release|Any CPU.Build.0 = Release|Any CPU
		{48F6AC7A-CA53-475A-9F64-58683BE449F2}.Debug|Any CPU.ActiveCfg = Debug|Any CPU
		{48F6AC7A-CA53-475A-9F64-58683BE449F2}.Debug|Any CPU.Build.0 = Debug|Any CPU
		{48F6AC7A-CA53-475A-9F64-58683BE449F2}.Release|Any CPU.ActiveCfg = Release|Any CPU
		{48F6AC7A-CA53-475A-9F64-58683BE449F2}.Release|Any CPU.Build.0 = Release|Any CPU
		{2A07072C-85CE-4A05-A572-FD5AD1CB255F}.Debug|Any CPU.ActiveCfg = Debug|Any CPU
		{2A07072C-85CE-4A05-A572-FD5AD1CB255F}.Debug|Any CPU.Build.0 = Debug|Any CPU
		{2A07072C-85CE-4A05-A572-FD5AD1CB255F}.Release|Any CPU.ActiveCfg = Release|Any CPU
		{2A07072C-85CE-4A05-A572-FD5AD1CB255F}.Release|Any CPU.Build.0 = Release|Any CPU
		{5EB88A12-14DC-463B-A01D-D3ED01E00E80}.Debug|Any CPU.ActiveCfg = Debug|Any CPU
		{5EB88A12-14DC-463B-A01D-D3ED01E00E80}.Debug|Any CPU.Build.0 = Debug|Any CPU
		{5EB88A12-14DC-463B-A01D-D3ED01E00E80}.Release|Any CPU.ActiveCfg = Release|Any CPU
		{5EB88A12-14DC-463B-A01D-D3ED01E00E80}.Release|Any CPU.Build.0 = Release|Any CPU
		{59023C9D-0BA1-4DB2-9164-4D8D979B1BE8}.Debug|Any CPU.ActiveCfg = Debug|Any CPU
		{59023C9D-0BA1-4DB2-9164-4D8D979B1BE8}.Debug|Any CPU.Build.0 = Debug|Any CPU
		{59023C9D-0BA1-4DB2-9164-4D8D979B1BE8}.Release|Any CPU.ActiveCfg = Release|Any CPU
		{59023C9D-0BA1-4DB2-9164-4D8D979B1BE8}.Release|Any CPU.Build.0 = Release|Any CPU
	EndGlobalSection
	GlobalSection(NestedProjects) = preSolution
		{77DAC80D-8745-4464-8F47-F3933E98EFFC} = {6FCD9D0C-F961-4991-8DD8-98DA064C5C59}
		{99A992FE-B248-4A4D-AC1B-61EED7477D96} = {901DD6EA-6532-4D8E-B036-630A8A2B09B0}
		{48F6AC7A-CA53-475A-9F64-58683BE449F2} = {901DD6EA-6532-4D8E-B036-630A8A2B09B0}
		{2A07072C-85CE-4A05-A572-FD5AD1CB255F} = {901DD6EA-6532-4D8E-B036-630A8A2B09B0}
		{5EB88A12-14DC-463B-A01D-D3ED01E00E80} = {9CC2FBD8-CC2A-4438-B990-3D53A09260C1}
		{59023C9D-0BA1-4DB2-9164-4D8D979B1BE8} = {9CC2FBD8-CC2A-4438-B990-3D53A09260C1}
	EndGlobalSection
EndGlobal
